// !$*UTF8*$!
{
	archiveVersion = 1;
	classes = {
	};
	objectVersion = 56;
	objects = {

/* Begin PBXBuildFile section */
		085FA0D528EEBB5400676F7E /* AppDelegate.swift in Sources */ = {isa = PBXBuildFile; fileRef = 085FA0D428EEBB5400676F7E /* AppDelegate.swift */; };
		085FA0D728EEBB5400676F7E /* SceneDelegate.swift in Sources */ = {isa = PBXBuildFile; fileRef = 085FA0D628EEBB5400676F7E /* SceneDelegate.swift */; };
		085FA0D928EEBB5400676F7E /* MainViewController.swift in Sources */ = {isa = PBXBuildFile; fileRef = 085FA0D828EEBB5400676F7E /* MainViewController.swift */; };
		085FA0DE28EEBB5500676F7E /* Assets.xcassets in Resources */ = {isa = PBXBuildFile; fileRef = 085FA0DD28EEBB5500676F7E /* Assets.xcassets */; };
		085FA0E128EEBB5500676F7E /* LaunchScreen.storyboard in Resources */ = {isa = PBXBuildFile; fileRef = 085FA0DF28EEBB5500676F7E /* LaunchScreen.storyboard */; };
		085FA0EA28EEBB6600676F7E /* Alamofire in Frameworks */ = {isa = PBXBuildFile; productRef = 085FA0E928EEBB6600676F7E /* Alamofire */; };
		085FA0F328EEBBB700676F7E /* Constants.swift in Sources */ = {isa = PBXBuildFile; fileRef = 085FA0F228EEBBB700676F7E /* Constants.swift */; };
		085FA0F728EEBC6F00676F7E /* Movie.swift in Sources */ = {isa = PBXBuildFile; fileRef = 085FA0F628EEBC6F00676F7E /* Movie.swift */; };
		085FA0F928EEBE9200676F7E /* NetworkManager.swift in Sources */ = {isa = PBXBuildFile; fileRef = 085FA0F828EEBE9200676F7E /* NetworkManager.swift */; };
		085FA0FB28EEBE9C00676F7E /* NetworkError.swift in Sources */ = {isa = PBXBuildFile; fileRef = 085FA0FA28EEBE9C00676F7E /* NetworkError.swift */; };
		085FA0FE28EEC64D00676F7E /* MainViewModel.swift in Sources */ = {isa = PBXBuildFile; fileRef = 085FA0FD28EEC64D00676F7E /* MainViewModel.swift */; };
		085FA10128EECC8000676F7E /* LoadingView.swift in Sources */ = {isa = PBXBuildFile; fileRef = 085FA10028EECC8000676F7E /* LoadingView.swift */; };
		085FA10328EED0C100676F7E /* MainCell.swift in Sources */ = {isa = PBXBuildFile; fileRef = 085FA10228EED0C100676F7E /* MainCell.swift */; };
		085FA10628EED0FF00676F7E /* BaseUICollectionViewCell.swift in Sources */ = {isa = PBXBuildFile; fileRef = 085FA10528EED0FF00676F7E /* BaseUICollectionViewCell.swift */; };
		085FA10828EEEBD700676F7E /* Extensions.swift in Sources */ = {isa = PBXBuildFile; fileRef = 085FA10728EEEBD700676F7E /* Extensions.swift */; };
		085FA10E28EF50E500676F7E /* Nuke in Frameworks */ = {isa = PBXBuildFile; productRef = 085FA10D28EF50E500676F7E /* Nuke */; };
/* End PBXBuildFile section */

/* Begin PBXFileReference section */
		085FA0D128EEBB5400676F7E /* RMDB.app */ = {isa = PBXFileReference; explicitFileType = wrapper.application; includeInIndex = 0; path = RMDB.app; sourceTree = BUILT_PRODUCTS_DIR; };
		085FA0D428EEBB5400676F7E /* AppDelegate.swift */ = {isa = PBXFileReference; lastKnownFileType = sourcecode.swift; path = AppDelegate.swift; sourceTree = "<group>"; };
		085FA0D628EEBB5400676F7E /* SceneDelegate.swift */ = {isa = PBXFileReference; lastKnownFileType = sourcecode.swift; path = SceneDelegate.swift; sourceTree = "<group>"; };
		085FA0D828EEBB5400676F7E /* MainViewController.swift */ = {isa = PBXFileReference; lastKnownFileType = sourcecode.swift; path = MainViewController.swift; sourceTree = "<group>"; };
		085FA0DD28EEBB5500676F7E /* Assets.xcassets */ = {isa = PBXFileReference; lastKnownFileType = folder.assetcatalog; path = Assets.xcassets; sourceTree = "<group>"; };
		085FA0E028EEBB5500676F7E /* Base */ = {isa = PBXFileReference; lastKnownFileType = file.storyboard; name = Base; path = Base.lproj/LaunchScreen.storyboard; sourceTree = "<group>"; };
		085FA0E228EEBB5500676F7E /* Info.plist */ = {isa = PBXFileReference; lastKnownFileType = text.plist.xml; path = Info.plist; sourceTree = "<group>"; };
		085FA0F228EEBBB700676F7E /* Constants.swift */ = {isa = PBXFileReference; lastKnownFileType = sourcecode.swift; path = Constants.swift; sourceTree = "<group>"; };
		085FA0F628EEBC6F00676F7E /* Movie.swift */ = {isa = PBXFileReference; lastKnownFileType = sourcecode.swift; path = Movie.swift; sourceTree = "<group>"; };
		085FA0F828EEBE9200676F7E /* NetworkManager.swift */ = {isa = PBXFileReference; lastKnownFileType = sourcecode.swift; path = NetworkManager.swift; sourceTree = "<group>"; };
		085FA0FA28EEBE9C00676F7E /* NetworkError.swift */ = {isa = PBXFileReference; lastKnownFileType = sourcecode.swift; path = NetworkError.swift; sourceTree = "<group>"; };
		085FA0FD28EEC64D00676F7E /* MainViewModel.swift */ = {isa = PBXFileReference; lastKnownFileType = sourcecode.swift; path = MainViewModel.swift; sourceTree = "<group>"; };
		085FA10028EECC8000676F7E /* LoadingView.swift */ = {isa = PBXFileReference; lastKnownFileType = sourcecode.swift; path = LoadingView.swift; sourceTree = "<group>"; };
		085FA10228EED0C100676F7E /* MainCell.swift */ = {isa = PBXFileReference; lastKnownFileType = sourcecode.swift; path = MainCell.swift; sourceTree = "<group>"; };
		085FA10528EED0FF00676F7E /* BaseUICollectionViewCell.swift */ = {isa = PBXFileReference; lastKnownFileType = sourcecode.swift; path = BaseUICollectionViewCell.swift; sourceTree = "<group>"; };
		085FA10728EEEBD700676F7E /* Extensions.swift */ = {isa = PBXFileReference; lastKnownFileType = sourcecode.swift; path = Extensions.swift; sourceTree = "<group>"; };
/* End PBXFileReference section */

/* Begin PBXFrameworksBuildPhase section */
		085FA0CE28EEBB5300676F7E /* Frameworks */ = {
			isa = PBXFrameworksBuildPhase;
			buildActionMask = 2147483647;
			files = (
				085FA0EA28EEBB6600676F7E /* Alamofire in Frameworks */,
				085FA10E28EF50E500676F7E /* Nuke in Frameworks */,
			);
			runOnlyForDeploymentPostprocessing = 0;
		};
/* End PBXFrameworksBuildPhase section */

/* Begin PBXGroup section */
		085FA0C828EEBB5300676F7E = {
			isa = PBXGroup;
			children = (
				085FA10728EEEBD700676F7E /* Extensions.swift */,
				085FA0D328EEBB5400676F7E /* RMDB */,
				085FA0D228EEBB5400676F7E /* Products */,
				085FA10928EF4AC300676F7E /* Frameworks */,
			);
			sourceTree = "<group>";
		};
		085FA0D228EEBB5400676F7E /* Products */ = {
			isa = PBXGroup;
			children = (
				085FA0D128EEBB5400676F7E /* RMDB.app */,
			);
			name = Products;
			sourceTree = "<group>";
		};
		085FA0D328EEBB5400676F7E /* RMDB */ = {
			isa = PBXGroup;
			children = (
				085FA10428EED0DF00676F7E /* Base */,
				085FA0FF28EECC6D00676F7E /* View */,
				085FA0FC28EEC63900676F7E /* ViewModels */,
				085FA0F528EEBC3C00676F7E /* Models */,
				085FA0F428EEBBCB00676F7E /* Share */,
				085FA0F128EEBBA400676F7E /* DetailFlow */,
				085FA0F028EEBB9D00676F7E /* MainFlow */,
				085FA0E228EEBB5500676F7E /* Info.plist */,
				085FA0F228EEBBB700676F7E /* Constants.swift */,
			);
			path = RMDB;
			sourceTree = "<group>";
		};
		085FA0F028EEBB9D00676F7E /* MainFlow */ = {
			isa = PBXGroup;
			children = (
				085FA0D828EEBB5400676F7E /* MainViewController.swift */,
				085FA10228EED0C100676F7E /* MainCell.swift */,
			);
			path = MainFlow;
			sourceTree = "<group>";
		};
		085FA0F128EEBBA400676F7E /* DetailFlow */ = {
			isa = PBXGroup;
			children = (
			);
			path = DetailFlow;
			sourceTree = "<group>";
		};
		085FA0F428EEBBCB00676F7E /* Share */ = {
			isa = PBXGroup;
			children = (
				085FA0D428EEBB5400676F7E /* AppDelegate.swift */,
				085FA0D628EEBB5400676F7E /* SceneDelegate.swift */,
				085FA0DD28EEBB5500676F7E /* Assets.xcassets */,
				085FA0DF28EEBB5500676F7E /* LaunchScreen.storyboard */,
			);
			path = Share;
			sourceTree = "<group>";
		};
		085FA0F528EEBC3C00676F7E /* Models */ = {
			isa = PBXGroup;
			children = (
				085FA0F628EEBC6F00676F7E /* Movie.swift */,
				085FA0F828EEBE9200676F7E /* NetworkManager.swift */,
				085FA0FA28EEBE9C00676F7E /* NetworkError.swift */,
			);
			path = Models;
			sourceTree = "<group>";
		};
		085FA0FC28EEC63900676F7E /* ViewModels */ = {
			isa = PBXGroup;
			children = (
				085FA0FD28EEC64D00676F7E /* MainViewModel.swift */,
			);
			path = ViewModels;
			sourceTree = "<group>";
		};
		085FA0FF28EECC6D00676F7E /* View */ = {
			isa = PBXGroup;
			children = (
				085FA10028EECC8000676F7E /* LoadingView.swift */,
			);
			path = View;
			sourceTree = "<group>";
		};
		085FA10428EED0DF00676F7E /* Base */ = {
			isa = PBXGroup;
			children = (
				085FA10528EED0FF00676F7E /* BaseUICollectionViewCell.swift */,
			);
			path = Base;
			sourceTree = "<group>";
		};
		085FA10928EF4AC300676F7E /* Frameworks */ = {
			isa = PBXGroup;
			children = (
			);
			name = Frameworks;
			sourceTree = "<group>";
		};
/* End PBXGroup section */

/* Begin PBXNativeTarget section */
		085FA0D028EEBB5300676F7E /* RMDB */ = {
			isa = PBXNativeTarget;
			buildConfigurationList = 085FA0E528EEBB5500676F7E /* Build configuration list for PBXNativeTarget "RMDB" */;
			buildPhases = (
				085FA0CD28EEBB5300676F7E /* Sources */,
				085FA0CE28EEBB5300676F7E /* Frameworks */,
				085FA0CF28EEBB5300676F7E /* Resources */,
			);
			buildRules = (
			);
			dependencies = (
			);
			name = RMDB;
			packageProductDependencies = (
				085FA0E928EEBB6600676F7E /* Alamofire */,
				085FA10D28EF50E500676F7E /* Nuke */,
			);
			productName = RMDB;
			productReference = 085FA0D128EEBB5400676F7E /* RMDB.app */;
			productType = "com.apple.product-type.application";
		};
/* End PBXNativeTarget section */

/* Begin PBXProject section */
		085FA0C928EEBB5300676F7E /* Project object */ = {
			isa = PBXProject;
			attributes = {
				BuildIndependentTargetsInParallel = 1;
				LastSwiftUpdateCheck = 1400;
				LastUpgradeCheck = 1400;
				TargetAttributes = {
					085FA0D028EEBB5300676F7E = {
						CreatedOnToolsVersion = 14.0;
					};
				};
			};
			buildConfigurationList = 085FA0CC28EEBB5300676F7E /* Build configuration list for PBXProject "RMDB" */;
			compatibilityVersion = "Xcode 14.0";
			developmentRegion = en;
			hasScannedForEncodings = 0;
			knownRegions = (
				en,
				Base,
			);
			mainGroup = 085FA0C828EEBB5300676F7E;
			packageReferences = (
				085FA0E828EEBB6600676F7E /* XCRemoteSwiftPackageReference "Alamofire" */,
				085FA10C28EF50E500676F7E /* XCRemoteSwiftPackageReference "Nuke" */,
			);
			productRefGroup = 085FA0D228EEBB5400676F7E /* Products */;
			projectDirPath = "";
			projectRoot = "";
			targets = (
				085FA0D028EEBB5300676F7E /* RMDB */,
			);
		};
/* End PBXProject section */

/* Begin PBXResourcesBuildPhase section */
		085FA0CF28EEBB5300676F7E /* Resources */ = {
			isa = PBXResourcesBuildPhase;
			buildActionMask = 2147483647;
			files = (
				085FA0E128EEBB5500676F7E /* LaunchScreen.storyboard in Resources */,
				085FA0DE28EEBB5500676F7E /* Assets.xcassets in Resources */,
			);
			runOnlyForDeploymentPostprocessing = 0;
		};
/* End PBXResourcesBuildPhase section */

/* Begin PBXSourcesBuildPhase section */
		085FA0CD28EEBB5300676F7E /* Sources */ = {
			isa = PBXSourcesBuildPhase;
			buildActionMask = 2147483647;
			files = (
				085FA0F928EEBE9200676F7E /* NetworkManager.swift in Sources */,
				085FA10628EED0FF00676F7E /* BaseUICollectionViewCell.swift in Sources */,
				085FA0FB28EEBE9C00676F7E /* NetworkError.swift in Sources */,
				085FA0D928EEBB5400676F7E /* MainViewController.swift in Sources */,
				085FA0D528EEBB5400676F7E /* AppDelegate.swift in Sources */,
				085FA10328EED0C100676F7E /* MainCell.swift in Sources */,
				085FA0D728EEBB5400676F7E /* SceneDelegate.swift in Sources */,
				085FA10828EEEBD700676F7E /* Extensions.swift in Sources */,
				085FA0F328EEBBB700676F7E /* Constants.swift in Sources */,
				085FA0F728EEBC6F00676F7E /* Movie.swift in Sources */,
				085FA0FE28EEC64D00676F7E /* MainViewModel.swift in Sources */,
				085FA10128EECC8000676F7E /* LoadingView.swift in Sources */,
			);
			runOnlyForDeploymentPostprocessing = 0;
		};
/* End PBXSourcesBuildPhase section */

/* Begin PBXVariantGroup section */
		085FA0DF28EEBB5500676F7E /* LaunchScreen.storyboard */ = {
			isa = PBXVariantGroup;
			children = (
				085FA0E028EEBB5500676F7E /* Base */,
			);
			name = LaunchScreen.storyboard;
			sourceTree = "<group>";
		};
/* End PBXVariantGroup section */

/* Begin XCBuildConfiguration section */
		085FA0E328EEBB5500676F7E /* Debug */ = {
			isa = XCBuildConfiguration;
			buildSettings = {
				ALWAYS_SEARCH_USER_PATHS = NO;
				CLANG_ANALYZER_NONNULL = YES;
				CLANG_ANALYZER_NUMBER_OBJECT_CONVERSION = YES_AGGRESSIVE;
				CLANG_CXX_LANGUAGE_STANDARD = "gnu++20";
				CLANG_ENABLE_MODULES = YES;
				CLANG_ENABLE_OBJC_ARC = YES;
				CLANG_ENABLE_OBJC_WEAK = YES;
				CLANG_WARN_BLOCK_CAPTURE_AUTORELEASING = YES;
				CLANG_WARN_BOOL_CONVERSION = YES;
				CLANG_WARN_COMMA = YES;
				CLANG_WARN_CONSTANT_CONVERSION = YES;
				CLANG_WARN_DEPRECATED_OBJC_IMPLEMENTATIONS = YES;
				CLANG_WARN_DIRECT_OBJC_ISA_USAGE = YES_ERROR;
				CLANG_WARN_DOCUMENTATION_COMMENTS = YES;
				CLANG_WARN_EMPTY_BODY = YES;
				CLANG_WARN_ENUM_CONVERSION = YES;
				CLANG_WARN_INFINITE_RECURSION = YES;
				CLANG_WARN_INT_CONVERSION = YES;
				CLANG_WARN_NON_LITERAL_NULL_CONVERSION = YES;
				CLANG_WARN_OBJC_IMPLICIT_RETAIN_SELF = YES;
				CLANG_WARN_OBJC_LITERAL_CONVERSION = YES;
				CLANG_WARN_OBJC_ROOT_CLASS = YES_ERROR;
				CLANG_WARN_QUOTED_INCLUDE_IN_FRAMEWORK_HEADER = YES;
				CLANG_WARN_RANGE_LOOP_ANALYSIS = YES;
				CLANG_WARN_STRICT_PROTOTYPES = YES;
				CLANG_WARN_SUSPICIOUS_MOVE = YES;
				CLANG_WARN_UNGUARDED_AVAILABILITY = YES_AGGRESSIVE;
				CLANG_WARN_UNREACHABLE_CODE = YES;
				CLANG_WARN__DUPLICATE_METHOD_MATCH = YES;
				COPY_PHASE_STRIP = NO;
				DEBUG_INFORMATION_FORMAT = dwarf;
				ENABLE_STRICT_OBJC_MSGSEND = YES;
				ENABLE_TESTABILITY = YES;
				GCC_C_LANGUAGE_STANDARD = gnu11;
				GCC_DYNAMIC_NO_PIC = NO;
				GCC_NO_COMMON_BLOCKS = YES;
				GCC_OPTIMIZATION_LEVEL = 0;
				GCC_PREPROCESSOR_DEFINITIONS = (
					"DEBUG=1",
					"$(inherited)",
				);
				GCC_WARN_64_TO_32_BIT_CONVERSION = YES;
				GCC_WARN_ABOUT_RETURN_TYPE = YES_ERROR;
				GCC_WARN_UNDECLARED_SELECTOR = YES;
				GCC_WARN_UNINITIALIZED_AUTOS = YES_AGGRESSIVE;
				GCC_WARN_UNUSED_FUNCTION = YES;
				GCC_WARN_UNUSED_VARIABLE = YES;
				IPHONEOS_DEPLOYMENT_TARGET = 16.0;
				MTL_ENABLE_DEBUG_INFO = INCLUDE_SOURCE;
				MTL_FAST_MATH = YES;
				ONLY_ACTIVE_ARCH = YES;
				SDKROOT = iphoneos;
				SWIFT_ACTIVE_COMPILATION_CONDITIONS = DEBUG;
				SWIFT_OPTIMIZATION_LEVEL = "-Onone";
			};
			name = Debug;
		};
		085FA0E428EEBB5500676F7E /* Release */ = {
			isa = XCBuildConfiguration;
			buildSettings = {
				ALWAYS_SEARCH_USER_PATHS = NO;
				CLANG_ANALYZER_NONNULL = YES;
				CLANG_ANALYZER_NUMBER_OBJECT_CONVERSION = YES_AGGRESSIVE;
				CLANG_CXX_LANGUAGE_STANDARD = "gnu++20";
				CLANG_ENABLE_MODULES = YES;
				CLANG_ENABLE_OBJC_ARC = YES;
				CLANG_ENABLE_OBJC_WEAK = YES;
				CLANG_WARN_BLOCK_CAPTURE_AUTORELEASING = YES;
				CLANG_WARN_BOOL_CONVERSION = YES;
				CLANG_WARN_COMMA = YES;
				CLANG_WARN_CONSTANT_CONVERSION = YES;
				CLANG_WARN_DEPRECATED_OBJC_IMPLEMENTATIONS = YES;
				CLANG_WARN_DIRECT_OBJC_ISA_USAGE = YES_ERROR;
				CLANG_WARN_DOCUMENTATION_COMMENTS = YES;
				CLANG_WARN_EMPTY_BODY = YES;
				CLANG_WARN_ENUM_CONVERSION = YES;
				CLANG_WARN_INFINITE_RECURSION = YES;
				CLANG_WARN_INT_CONVERSION = YES;
				CLANG_WARN_NON_LITERAL_NULL_CONVERSION = YES;
				CLANG_WARN_OBJC_IMPLICIT_RETAIN_SELF = YES;
				CLANG_WARN_OBJC_LITERAL_CONVERSION = YES;
				CLANG_WARN_OBJC_ROOT_CLASS = YES_ERROR;
				CLANG_WARN_QUOTED_INCLUDE_IN_FRAMEWORK_HEADER = YES;
				CLANG_WARN_RANGE_LOOP_ANALYSIS = YES;
				CLANG_WARN_STRICT_PROTOTYPES = YES;
				CLANG_WARN_SUSPICIOUS_MOVE = YES;
				CLANG_WARN_UNGUARDED_AVAILABILITY = YES_AGGRESSIVE;
				CLANG_WARN_UNREACHABLE_CODE = YES;
				CLANG_WARN__DUPLICATE_METHOD_MATCH = YES;
				COPY_PHASE_STRIP = NO;
				DEBUG_INFORMATION_FORMAT = "dwarf-with-dsym";
				ENABLE_NS_ASSERTIONS = NO;
				ENABLE_STRICT_OBJC_MSGSEND = YES;
				GCC_C_LANGUAGE_STANDARD = gnu11;
				GCC_NO_COMMON_BLOCKS = YES;
				GCC_WARN_64_TO_32_BIT_CONVERSION = YES;
				GCC_WARN_ABOUT_RETURN_TYPE = YES_ERROR;
				GCC_WARN_UNDECLARED_SELECTOR = YES;
				GCC_WARN_UNINITIALIZED_AUTOS = YES_AGGRESSIVE;
				GCC_WARN_UNUSED_FUNCTION = YES;
				GCC_WARN_UNUSED_VARIABLE = YES;
				IPHONEOS_DEPLOYMENT_TARGET = 16.0;
				MTL_ENABLE_DEBUG_INFO = NO;
				MTL_FAST_MATH = YES;
				SDKROOT = iphoneos;
				SWIFT_COMPILATION_MODE = wholemodule;
				SWIFT_OPTIMIZATION_LEVEL = "-O";
				VALIDATE_PRODUCT = YES;
			};
			name = Release;
		};
		085FA0E628EEBB5500676F7E /* Debug */ = {
			isa = XCBuildConfiguration;
			buildSettings = {
				ASSETCATALOG_COMPILER_APPICON_NAME = AppIcon;
				ASSETCATALOG_COMPILER_GLOBAL_ACCENT_COLOR_NAME = AccentColor;
				CODE_SIGN_STYLE = Automatic;
				CURRENT_PROJECT_VERSION = 1;
				GENERATE_INFOPLIST_FILE = YES;
				INFOPLIST_FILE = RMDB/Info.plist;
				INFOPLIST_KEY_UIApplicationSupportsIndirectInputEvents = YES;
				INFOPLIST_KEY_UILaunchStoryboardName = LaunchScreen;
				INFOPLIST_KEY_UISupportedInterfaceOrientations_iPad = "UIInterfaceOrientationPortrait UIInterfaceOrientationPortraitUpsideDown UIInterfaceOrientationLandscapeLeft UIInterfaceOrientationLandscapeRight";
				INFOPLIST_KEY_UISupportedInterfaceOrientations_iPhone = "UIInterfaceOrientationPortrait UIInterfaceOrientationLandscapeLeft UIInterfaceOrientationLandscapeRight";
				LD_RUNPATH_SEARCH_PATHS = (
					"$(inherited)",
					"@executable_path/Frameworks",
				);
				MARKETING_VERSION = 1.0;
				PRODUCT_BUNDLE_IDENTIFIER = com.ln.RMDB;
				PRODUCT_NAME = "$(TARGET_NAME)";
				SWIFT_EMIT_LOC_STRINGS = YES;
				SWIFT_VERSION = 5.0;
				TARGETED_DEVICE_FAMILY = "1,2";
			};
			name = Debug;
		};
		085FA0E728EEBB5500676F7E /* Release */ = {
			isa = XCBuildConfiguration;
			buildSettings = {
				ASSETCATALOG_COMPILER_APPICON_NAME = AppIcon;
				ASSETCATALOG_COMPILER_GLOBAL_ACCENT_COLOR_NAME = AccentColor;
				CODE_SIGN_STYLE = Automatic;
				CURRENT_PROJECT_VERSION = 1;
				GENERATE_INFOPLIST_FILE = YES;
				INFOPLIST_FILE = RMDB/Info.plist;
				INFOPLIST_KEY_UIApplicationSupportsIndirectInputEvents = YES;
				INFOPLIST_KEY_UILaunchStoryboardName = LaunchScreen;
				INFOPLIST_KEY_UISupportedInterfaceOrientations_iPad = "UIInterfaceOrientationPortrait UIInterfaceOrientationPortraitUpsideDown UIInterfaceOrientationLandscapeLeft UIInterfaceOrientationLandscapeRight";
				INFOPLIST_KEY_UISupportedInterfaceOrientations_iPhone = "UIInterfaceOrientationPortrait UIInterfaceOrientationLandscapeLeft UIInterfaceOrientationLandscapeRight";
				LD_RUNPATH_SEARCH_PATHS = (
					"$(inherited)",
					"@executable_path/Frameworks",
				);
				MARKETING_VERSION = 1.0;
				PRODUCT_BUNDLE_IDENTIFIER = com.ln.RMDB;
				PRODUCT_NAME = "$(TARGET_NAME)";
				SWIFT_EMIT_LOC_STRINGS = YES;
				SWIFT_VERSION = 5.0;
				TARGETED_DEVICE_FAMILY = "1,2";
			};
			name = Release;
		};
/* End XCBuildConfiguration section */

/* Begin XCConfigurationList section */
		085FA0CC28EEBB5300676F7E /* Build configuration list for PBXProject "RMDB" */ = {
			isa = XCConfigurationList;
			buildConfigurations = (
				085FA0E328EEBB5500676F7E /* Debug */,
				085FA0E428EEBB5500676F7E /* Release */,
			);
			defaultConfigurationIsVisible = 0;
			defaultConfigurationName = Release;
		};
		085FA0E528EEBB5500676F7E /* Build configuration list for PBXNativeTarget "RMDB" */ = {
			isa = XCConfigurationList;
			buildConfigurations = (
				085FA0E628EEBB5500676F7E /* Debug */,
				085FA0E728EEBB5500676F7E /* Release */,
			);
			defaultConfigurationIsVisible = 0;
			defaultConfigurationName = Release;
		};
/* End XCConfigurationList section */

/* Begin XCRemoteSwiftPackageReference section */
		085FA0E828EEBB6600676F7E /* XCRemoteSwiftPackageReference "Alamofire" */ = {
			isa = XCRemoteSwiftPackageReference;
			repositoryURL = "https://github.com/Alamofire/Alamofire.git";
			requirement = {
				branch = master;
				kind = branch;
			};
		};
		085FA10C28EF50E500676F7E /* XCRemoteSwiftPackageReference "Nuke" */ = {
			isa = XCRemoteSwiftPackageReference;
			repositoryURL = "https://github.com/kean/Nuke.git";
			requirement = {
				kind = exactVersion;
				version = 10.0.0;
			};
		};
/* End XCRemoteSwiftPackageReference section */

/* Begin XCSwiftPackageProductDependency section */
		085FA0E928EEBB6600676F7E /* Alamofire */ = {
			isa = XCSwiftPackageProductDependency;
			package = 085FA0E828EEBB6600676F7E /* XCRemoteSwiftPackageReference "Alamofire" */;
			productName = Alamofire;
		};
		085FA10D28EF50E500676F7E /* Nuke */ = {
			isa = XCSwiftPackageProductDependency;
			package = 085FA10C28EF50E500676F7E /* XCRemoteSwiftPackageReference "Nuke" */;
			productName = Nuke;
		};
/* End XCSwiftPackageProductDependency section */
	};
	rootObject = 085FA0C928EEBB5300676F7E /* Project object */;
}
